// !$*UTF8*$!
{
	archiveVersion = 1;
	classes = {
	};
	objectVersion = 50;
	objects = {

/* Begin PBXBuildFile section */
		7AD480CC225D3517008A14EF /* AppDelegate.swift in Sources */ = {isa = PBXBuildFile; fileRef = 7AD480CB225D3517008A14EF /* AppDelegate.swift */; };
		7AD480D1225D3517008A14EF /* Main.storyboard in Resources */ = {isa = PBXBuildFile; fileRef = 7AD480CF225D3517008A14EF /* Main.storyboard */; };
		7AD480D3225D3519008A14EF /* Assets.xcassets in Resources */ = {isa = PBXBuildFile; fileRef = 7AD480D2225D3519008A14EF /* Assets.xcassets */; };
		7AD480D6225D3519008A14EF /* LaunchScreen.storyboard in Resources */ = {isa = PBXBuildFile; fileRef = 7AD480D4225D3519008A14EF /* LaunchScreen.storyboard */; };
		7AD480DE225D3647008A14EF /* CountryDetailViewController.swift in Sources */ = {isa = PBXBuildFile; fileRef = 7AD480DD225D3647008A14EF /* CountryDetailViewController.swift */; };
		7AD480E0225D3659008A14EF /* CountryListTableViewController.swift in Sources */ = {isa = PBXBuildFile; fileRef = 7AD480DF225D3659008A14EF /* CountryListTableViewController.swift */; };
		7AD480E3225D3691008A14EF /* CountryController.swift in Sources */ = {isa = PBXBuildFile; fileRef = 7AD480E2225D3691008A14EF /* CountryController.swift */; };
		7AD480E6225D36B3008A14EF /* Country.swift in Sources */ = {isa = PBXBuildFile; fileRef = 7AD480E5225D36B3008A14EF /* Country.swift */; };
/* End PBXBuildFile section */

/* Begin PBXFileReference section */
		7AD480C8225D3517008A14EF /* Countries.app */ = {isa = PBXFileReference; explicitFileType = wrapper.application; includeInIndex = 0; path = Countries.app; sourceTree = BUILT_PRODUCTS_DIR; };
		7AD480CB225D3517008A14EF /* AppDelegate.swift */ = {isa = PBXFileReference; lastKnownFileType = sourcecode.swift; path = AppDelegate.swift; sourceTree = "<group>"; };
		7AD480D0225D3517008A14EF /* Base */ = {isa = PBXFileReference; lastKnownFileType = file.storyboard; name = Base; path = Base.lproj/Main.storyboard; sourceTree = "<group>"; };
		7AD480D2225D3519008A14EF /* Assets.xcassets */ = {isa = PBXFileReference; lastKnownFileType = folder.assetcatalog; path = Assets.xcassets; sourceTree = "<group>"; };
		7AD480D5225D3519008A14EF /* Base */ = {isa = PBXFileReference; lastKnownFileType = file.storyboard; name = Base; path = Base.lproj/LaunchScreen.storyboard; sourceTree = "<group>"; };
		7AD480D7225D3519008A14EF /* Info.plist */ = {isa = PBXFileReference; lastKnownFileType = text.plist.xml; path = Info.plist; sourceTree = "<group>"; };
		7AD480DD225D3647008A14EF /* CountryDetailViewController.swift */ = {isa = PBXFileReference; lastKnownFileType = sourcecode.swift; path = CountryDetailViewController.swift; sourceTree = "<group>"; };
		7AD480DF225D3659008A14EF /* CountryListTableViewController.swift */ = {isa = PBXFileReference; lastKnownFileType = sourcecode.swift; path = CountryListTableViewController.swift; sourceTree = "<group>"; };
		7AD480E2225D3691008A14EF /* CountryController.swift */ = {isa = PBXFileReference; lastKnownFileType = sourcecode.swift; path = CountryController.swift; sourceTree = "<group>"; };
		7AD480E5225D36B3008A14EF /* Country.swift */ = {isa = PBXFileReference; lastKnownFileType = sourcecode.swift; path = Country.swift; sourceTree = "<group>"; };
/* End PBXFileReference section */

/* Begin PBXFrameworksBuildPhase section */
		7AD480C5225D3517008A14EF /* Frameworks */ = {
			isa = PBXFrameworksBuildPhase;
			buildActionMask = 2147483647;
			files = (
			);
			runOnlyForDeploymentPostprocessing = 0;
		};
/* End PBXFrameworksBuildPhase section */

/* Begin PBXGroup section */
		7AD480BF225D3517008A14EF = {
			isa = PBXGroup;
			children = (
				7AD480CA225D3517008A14EF /* Countries */,
				7AD480C9225D3517008A14EF /* Products */,
			);
			sourceTree = "<group>";
		};
		7AD480C9225D3517008A14EF /* Products */ = {
			isa = PBXGroup;
			children = (
				7AD480C8225D3517008A14EF /* Countries.app */,
			);
			name = Products;
			sourceTree = "<group>";
		};
		7AD480CA225D3517008A14EF /* Countries */ = {
			isa = PBXGroup;
			children = (
				7AD480CB225D3517008A14EF /* AppDelegate.swift */,
				7AD480E7225D36B8008A14EF /* Model */,
				7AD480E4225D36A1008A14EF /* Model Controller */,
				7AD480E1225D365E008A14EF /* View Controllers */,
				7AD480CF225D3517008A14EF /* Main.storyboard */,
				7AD480D2225D3519008A14EF /* Assets.xcassets */,
				7AD480D4225D3519008A14EF /* LaunchScreen.storyboard */,
				7AD480D7225D3519008A14EF /* Info.plist */,
			);
			path = Countries;
			sourceTree = "<group>";
		};
		7AD480E1225D365E008A14EF /* View Controllers */ = {
			isa = PBXGroup;
			children = (
				7AD480DF225D3659008A14EF /* CountryListTableViewController.swift */,
				7AD480DD225D3647008A14EF /* CountryDetailViewController.swift */,
			);
			path = "View Controllers";
			sourceTree = "<group>";
		};
		7AD480E4225D36A1008A14EF /* Model Controller */ = {
			isa = PBXGroup;
			children = (
				7AD480E2225D3691008A14EF /* CountryController.swift */,
			);
			path = "Model Controller";
			sourceTree = "<group>";
		};
		7AD480E7225D36B8008A14EF /* Model */ = {
			isa = PBXGroup;
			children = (
				7AD480E5225D36B3008A14EF /* Country.swift */,
			);
			path = Model;
			sourceTree = "<group>";
		};
/* End PBXGroup section */

/* Begin PBXNativeTarget section */
		7AD480C7225D3517008A14EF /* Countries */ = {
			isa = PBXNativeTarget;
			buildConfigurationList = 7AD480DA225D3519008A14EF /* Build configuration list for PBXNativeTarget "Countries" */;
			buildPhases = (
				7AD480C4225D3517008A14EF /* Sources */,
				7AD480C5225D3517008A14EF /* Frameworks */,
				7AD480C6225D3517008A14EF /* Resources */,
			);
			buildRules = (
			);
			dependencies = (
			);
			name = Countries;
			productName = Countries;
			productReference = 7AD480C8225D3517008A14EF /* Countries.app */;
			productType = "com.apple.product-type.application";
		};
/* End PBXNativeTarget section */

/* Begin PBXProject section */
		7AD480C0225D3517008A14EF /* Project object */ = {
			isa = PBXProject;
			attributes = {
				LastSwiftUpdateCheck = 1020;
				LastUpgradeCheck = 1020;
				ORGANIZATIONNAME = "Nelson Gonzalez";
				TargetAttributes = {
					7AD480C7225D3517008A14EF = {
						CreatedOnToolsVersion = 10.2;
					};
				};
			};
			buildConfigurationList = 7AD480C3225D3517008A14EF /* Build configuration list for PBXProject "Countries" */;
			compatibilityVersion = "Xcode 9.3";
			developmentRegion = en;
			hasScannedForEncodings = 0;
			knownRegions = (
				en,
				Base,
			);
			mainGroup = 7AD480BF225D3517008A14EF;
			productRefGroup = 7AD480C9225D3517008A14EF /* Products */;
			projectDirPath = "";
			projectRoot = "";
			targets = (
				7AD480C7225D3517008A14EF /* Countries */,
			);
		};
/* End PBXProject section */

/* Begin PBXResourcesBuildPhase section */
		7AD480C6225D3517008A14EF /* Resources */ = {
			isa = PBXResourcesBuildPhase;
			buildActionMask = 2147483647;
			files = (
				7AD480D6225D3519008A14EF /* LaunchScreen.storyboard in Resources */,
				7AD480D3225D3519008A14EF /* Assets.xcassets in Resources */,
				7AD480D1225D3517008A14EF /* Main.storyboard in Resources */,
			);
			runOnlyForDeploymentPostprocessing = 0;
		};
/* End PBXResourcesBuildPhase section */

/* Begin PBXSourcesBuildPhase section */
		7AD480C4225D3517008A14EF /* Sources */ = {
			isa = PBXSourcesBuildPhase;
			buildActionMask = 2147483647;
			files = (
				7AD480E0225D3659008A14EF /* CountryListTableViewController.swift in Sources */,
				7AD480DE225D3647008A14EF /* CountryDetailViewController.swift in Sources */,
				7AD480E3225D3691008A14EF /* CountryController.swift in Sources */,
				7AD480E6225D36B3008A14EF /* Country.swift in Sources */,
				7AD480CC225D3517008A14EF /* AppDelegate.swift in Sources */,
			);
			runOnlyForDeploymentPostprocessing = 0;
		};
/* End PBXSourcesBuildPhase section */

/* Begin PBXVariantGroup section */
		7AD480CF225D3517008A14EF /* Main.storyboard */ = {
			isa = PBXVariantGroup;
			children = (
				7AD480D0225D3517008A14EF /* Base */,
			);
			name = Main.storyboard;
			sourceTree = "<group>";
		};
		7AD480D4225D3519008A14EF /* LaunchScreen.storyboard */ = {
			isa = PBXVariantGroup;
			children = (
				7AD480D5225D3519008A14EF /* Base */,
			);
			name = LaunchScreen.storyboard;
			sourceTree = "<group>";
		};
/* End PBXVariantGroup section */

/* Begin XCBuildConfiguration section */
		7AD480D8225D3519008A14EF /* Debug */ = {
			isa = XCBuildConfiguration;
			buildSettings = {
				ALWAYS_SEARCH_USER_PATHS = NO;
				CLANG_ANALYZER_NONNULL = YES;
				CLANG_ANALYZER_NUMBER_OBJECT_CONVERSION = YES_AGGRESSIVE;
				CLANG_CXX_LANGUAGE_STANDARD = "gnu++14";
				CLANG_CXX_LIBRARY = "libc++";
				CLANG_ENABLE_MODULES = YES;
				CLANG_ENABLE_OBJC_ARC = YES;
				CLANG_ENABLE_OBJC_WEAK = YES;
				CLANG_WARN_BLOCK_CAPTURE_AUTORELEASING = YES;
				CLANG_WARN_BOOL_CONVERSION = YES;
				CLANG_WARN_COMMA = YES;
				CLANG_WARN_CONSTANT_CONVERSION = YES;
				CLANG_WARN_DEPRECATED_OBJC_IMPLEMENTATIONS = YES;
				CLANG_WARN_DIRECT_OBJC_ISA_USAGE = YES_ERROR;
				CLANG_WARN_DOCUMENTATION_COMMENTS = YES;
				CLANG_WARN_EMPTY_BODY = YES;
				CLANG_WARN_ENUM_CONVERSION = YES;
				CLANG_WARN_INFINITE_RECURSION = YES;
				CLANG_WARN_INT_CONVERSION = YES;
				CLANG_WARN_NON_LITERAL_NULL_CONVERSION = YES;
				CLANG_WARN_OBJC_IMPLICIT_RETAIN_SELF = YES;
				CLANG_WARN_OBJC_LITERAL_CONVERSION = YES;
				CLANG_WARN_OBJC_ROOT_CLASS = YES_ERROR;
				CLANG_WARN_RANGE_LOOP_ANALYSIS = YES;
				CLANG_WARN_STRICT_PROTOTYPES = YES;
				CLANG_WARN_SUSPICIOUS_MOVE = YES;
				CLANG_WARN_UNGUARDED_AVAILABILITY = YES_AGGRESSIVE;
				CLANG_WARN_UNREACHABLE_CODE = YES;
				CLANG_WARN__DUPLICATE_METHOD_MATCH = YES;
				CODE_SIGN_IDENTITY = "iPhone Developer";
				COPY_PHASE_STRIP = NO;
				DEBUG_INFORMATION_FORMAT = dwarf;
				ENABLE_STRICT_OBJC_MSGSEND = YES;
				ENABLE_TESTABILITY = YES;
				GCC_C_LANGUAGE_STANDARD = gnu11;
				GCC_DYNAMIC_NO_PIC = NO;
				GCC_NO_COMMON_BLOCKS = YES;
				GCC_OPTIMIZATION_LEVEL = 0;
				GCC_PREPROCESSOR_DEFINITIONS = (
					"DEBUG=1",
					"$(inherited)",
				);
				GCC_WARN_64_TO_32_BIT_CONVERSION = YES;
				GCC_WARN_ABOUT_RETURN_TYPE = YES_ERROR;
				GCC_WARN_UNDECLARED_SELECTOR = YES;
				GCC_WARN_UNINITIALIZED_AUTOS = YES_AGGRESSIVE;
				GCC_WARN_UNUSED_FUNCTION = YES;
				GCC_WARN_UNUSED_VARIABLE = YES;
				IPHONEOS_DEPLOYMENT_TARGET = 12.2;
				MTL_ENABLE_DEBUG_INFO = INCLUDE_SOURCE;
				MTL_FAST_MATH = YES;
				ONLY_ACTIVE_ARCH = YES;
				SDKROOT = iphoneos;
				SWIFT_ACTIVE_COMPILATION_CONDITIONS = DEBUG;
				SWIFT_OPTIMIZATION_LEVEL = "-Onone";
			};
			name = Debug;
		};
		7AD480D9225D3519008A14EF /* Release */ = {
			isa = XCBuildConfiguration;
			buildSettings = {
				ALWAYS_SEARCH_USER_PATHS = NO;
				CLANG_ANALYZER_NONNULL = YES;
				CLANG_ANALYZER_NUMBER_OBJECT_CONVERSION = YES_AGGRESSIVE;
				CLANG_CXX_LANGUAGE_STANDARD = "gnu++14";
				CLANG_CXX_LIBRARY = "libc++";
				CLANG_ENABLE_MODULES = YES;
				CLANG_ENABLE_OBJC_ARC = YES;
				CLANG_ENABLE_OBJC_WEAK = YES;
				CLANG_WARN_BLOCK_CAPTURE_AUTORELEASING = YES;
				CLANG_WARN_BOOL_CONVERSION = YES;
				CLANG_WARN_COMMA = YES;
				CLANG_WARN_CONSTANT_CONVERSION = YES;
				CLANG_WARN_DEPRECATED_OBJC_IMPLEMENTATIONS = YES;
				CLANG_WARN_DIRECT_OBJC_ISA_USAGE = YES_ERROR;
				CLANG_WARN_DOCUMENTATION_COMMENTS = YES;
				CLANG_WARN_EMPTY_BODY = YES;
				CLANG_WARN_ENUM_CONVERSION = YES;
				CLANG_WARN_INFINITE_RECURSION = YES;
				CLANG_WARN_INT_CONVERSION = YES;
				CLANG_WARN_NON_LITERAL_NULL_CONVERSION = YES;
				CLANG_WARN_OBJC_IMPLICIT_RETAIN_SELF = YES;
				CLANG_WARN_OBJC_LITERAL_CONVERSION = YES;
				CLANG_WARN_OBJC_ROOT_CLASS = YES_ERROR;
				CLANG_WARN_RANGE_LOOP_ANALYSIS = YES;
				CLANG_WARN_STRICT_PROTOTYPES = YES;
				CLANG_WARN_SUSPICIOUS_MOVE = YES;
				CLANG_WARN_UNGUARDED_AVAILABILITY = YES_AGGRESSIVE;
				CLANG_WARN_UNREACHABLE_CODE = YES;
				CLANG_WARN__DUPLICATE_METHOD_MATCH = YES;
				CODE_SIGN_IDENTITY = "iPhone Developer";
				COPY_PHASE_STRIP = NO;
				DEBUG_INFORMATION_FORMAT = "dwarf-with-dsym";
				ENABLE_NS_ASSERTIONS = NO;
				ENABLE_STRICT_OBJC_MSGSEND = YES;
				GCC_C_LANGUAGE_STANDARD = gnu11;
				GCC_NO_COMMON_BLOCKS = YES;
				GCC_WARN_64_TO_32_BIT_CONVERSION = YES;
				GCC_WARN_ABOUT_RETURN_TYPE = YES_ERROR;
				GCC_WARN_UNDECLARED_SELECTOR = YES;
				GCC_WARN_UNINITIALIZED_AUTOS = YES_AGGRESSIVE;
				GCC_WARN_UNUSED_FUNCTION = YES;
				GCC_WARN_UNUSED_VARIABLE = YES;
				IPHONEOS_DEPLOYMENT_TARGET = 12.2;
				MTL_ENABLE_DEBUG_INFO = NO;
				MTL_FAST_MATH = YES;
				SDKROOT = iphoneos;
				SWIFT_COMPILATION_MODE = wholemodule;
				SWIFT_OPTIMIZATION_LEVEL = "-O";
				VALIDATE_PRODUCT = YES;
			};
			name = Release;
		};
		7AD480DB225D3519008A14EF /* Debug */ = {
			isa = XCBuildConfiguration;
			buildSettings = {
				ASSETCATALOG_COMPILER_APPICON_NAME = AppIcon;
				CODE_SIGN_STYLE = Automatic;
				DEVELOPMENT_TEAM = ZD9LN99SX6;
				INFOPLIST_FILE = Countries/Info.plist;
				LD_RUNPATH_SEARCH_PATHS = (
					"$(inherited)",
					"@executable_path/Frameworks",
				);
				PRODUCT_BUNDLE_IDENTIFIER = com.nelsongonzalez.Countries;
				PRODUCT_NAME = "$(TARGET_NAME)";
				SWIFT_VERSION = 5.0;
				TARGETED_DEVICE_FAMILY = "1,2";
			};
			name = Debug;
		};
		7AD480DC225D3519008A14EF /* Release */ = {
			isa = XCBuildConfiguration;
			buildSettings = {
				ASSETCATALOG_COMPILER_APPICON_NAME = AppIcon;
				CODE_SIGN_STYLE = Automatic;
				DEVELOPMENT_TEAM = ZD9LN99SX6;
				INFOPLIST_FILE = Countries/Info.plist;
				LD_RUNPATH_SEARCH_PATHS = (
					"$(inherited)",
					"@executable_path/Frameworks",
				);
				PRODUCT_BUNDLE_IDENTIFIER = com.nelsongonzalez.Countries;
				PRODUCT_NAME = "$(TARGET_NAME)";
				SWIFT_VERSION = 5.0;
				TARGETED_DEVICE_FAMILY = "1,2";
			};
			name = Release;
		};
/* End XCBuildConfiguration section */

/* Begin XCConfigurationList section */
		7AD480C3225D3517008A14EF /* Build configuration list for PBXProject "Countries" */ = {
			isa = XCConfigurationList;
			buildConfigurations = (
				7AD480D8225D3519008A14EF /* Debug */,
				7AD480D9225D3519008A14EF /* Release */,
			);
			defaultConfigurationIsVisible = 0;
			defaultConfigurationName = Release;
		};
		7AD480DA225D3519008A14EF /* Build configuration list for PBXNativeTarget "Countries" */ = {
			isa = XCConfigurationList;
			buildConfigurations = (
				7AD480DB225D3519008A14EF /* Debug */,
				7AD480DC225D3519008A14EF /* Release */,
			);
			defaultConfigurationIsVisible = 0;
			defaultConfigurationName = Release;
		};
/* End XCConfigurationList section */
	};
	rootObject = 7AD480C0225D3517008A14EF /* Project object */;
}
